// !$*UTF8*$!
{
	archiveVersion = 1;
	classes = {
	};
	objectVersion = 50;
	objects = {

/* Begin PBXBuildFile section */
		476D5CEA256DF7D100488B7F /* CRUDApp.swift in Sources */ = {isa = PBXBuildFile; fileRef = 476D5CE9256DF7D100488B7F /* CRUDApp.swift */; };
		476D5CEC256DF7D100488B7F /* ContentView.swift in Sources */ = {isa = PBXBuildFile; fileRef = 476D5CEB256DF7D100488B7F /* ContentView.swift */; };
		476D5CEE256DF7D100488B7F /* Assets.xcassets in Resources */ = {isa = PBXBuildFile; fileRef = 476D5CED256DF7D100488B7F /* Assets.xcassets */; };
		476D5CF1256DF7D100488B7F /* Preview Assets.xcassets in Resources */ = {isa = PBXBuildFile; fileRef = 476D5CF0256DF7D100488B7F /* Preview Assets.xcassets */; };
		476D5CFA256DF8D200488B7F /* todo.swift in Sources */ = {isa = PBXBuildFile; fileRef = 476D5CF9256DF8D200488B7F /* todo.swift */; };
		476D5D00256DFD0500488B7F /* todolist.swift in Sources */ = {isa = PBXBuildFile; fileRef = 476D5CFF256DFD0500488B7F /* todolist.swift */; };
		476D5D03256DFD2900488B7F /* tododata.swift in Sources */ = {isa = PBXBuildFile; fileRef = 476D5D02256DFD2900488B7F /* tododata.swift */; };
		476D5D06256DFE6A00488B7F /* todoeditor.swift in Sources */ = {isa = PBXBuildFile; fileRef = 476D5D05256DFE6A00488B7F /* todoeditor.swift */; };
		476D5D0C256E064500488B7F /* todorow.swift in Sources */ = {isa = PBXBuildFile; fileRef = 476D5D0B256E064500488B7F /* todorow.swift */; };
/* End PBXBuildFile section */

/* Begin PBXFileReference section */
		476D5CE6256DF7D100488B7F /* CRUD.app */ = {isa = PBXFileReference; explicitFileType = wrapper.application; includeInIndex = 0; path = CRUD.app; sourceTree = BUILT_PRODUCTS_DIR; };
		476D5CE9256DF7D100488B7F /* CRUDApp.swift */ = {isa = PBXFileReference; lastKnownFileType = sourcecode.swift; path = CRUDApp.swift; sourceTree = "<group>"; };
		476D5CEB256DF7D100488B7F /* ContentView.swift */ = {isa = PBXFileReference; lastKnownFileType = sourcecode.swift; path = ContentView.swift; sourceTree = "<group>"; };
		476D5CED256DF7D100488B7F /* Assets.xcassets */ = {isa = PBXFileReference; lastKnownFileType = folder.assetcatalog; path = Assets.xcassets; sourceTree = "<group>"; };
		476D5CF0256DF7D100488B7F /* Preview Assets.xcassets */ = {isa = PBXFileReference; lastKnownFileType = folder.assetcatalog; path = "Preview Assets.xcassets"; sourceTree = "<group>"; };
		476D5CF2256DF7D100488B7F /* Info.plist */ = {isa = PBXFileReference; lastKnownFileType = text.plist.xml; path = Info.plist; sourceTree = "<group>"; };
		476D5CF9256DF8D200488B7F /* todo.swift */ = {isa = PBXFileReference; lastKnownFileType = sourcecode.swift; path = todo.swift; sourceTree = "<group>"; };
		476D5CFF256DFD0500488B7F /* todolist.swift */ = {isa = PBXFileReference; lastKnownFileType = sourcecode.swift; path = todolist.swift; sourceTree = "<group>"; };
		476D5D02256DFD2900488B7F /* tododata.swift */ = {isa = PBXFileReference; lastKnownFileType = sourcecode.swift; path = tododata.swift; sourceTree = "<group>"; };
		476D5D05256DFE6A00488B7F /* todoeditor.swift */ = {isa = PBXFileReference; lastKnownFileType = sourcecode.swift; path = todoeditor.swift; sourceTree = "<group>"; };
		476D5D0B256E064500488B7F /* todorow.swift */ = {isa = PBXFileReference; lastKnownFileType = sourcecode.swift; path = todorow.swift; sourceTree = "<group>"; };
/* End PBXFileReference section */

/* Begin PBXFrameworksBuildPhase section */
		476D5CE3256DF7D100488B7F /* Frameworks */ = {
			isa = PBXFrameworksBuildPhase;
			buildActionMask = 2147483647;
			files = (
			);
			runOnlyForDeploymentPostprocessing = 0;
		};
/* End PBXFrameworksBuildPhase section */

/* Begin PBXGroup section */
		476D5CDD256DF7D000488B7F = {
			isa = PBXGroup;
			children = (
				476D5CE8256DF7D100488B7F /* CRUD */,
				476D5CE7256DF7D100488B7F /* Products */,
			);
			sourceTree = "<group>";
		};
		476D5CE7256DF7D100488B7F /* Products */ = {
			isa = PBXGroup;
			children = (
				476D5CE6256DF7D100488B7F /* CRUD.app */,
			);
			name = Products;
			sourceTree = "<group>";
		};
		476D5CE8256DF7D100488B7F /* CRUD */ = {
			isa = PBXGroup;
			children = (
				476D5CE9256DF7D100488B7F /* CRUDApp.swift */,
				476D5CEB256DF7D100488B7F /* ContentView.swift */,
				476D5CF9256DF8D200488B7F /* todo.swift */,
				476D5CFF256DFD0500488B7F /* todolist.swift */,
				476D5D02256DFD2900488B7F /* tododata.swift */,
				476D5D05256DFE6A00488B7F /* todoeditor.swift */,
				476D5D0B256E064500488B7F /* todorow.swift */,
				476D5CED256DF7D100488B7F /* Assets.xcassets */,
				476D5CF2256DF7D100488B7F /* Info.plist */,
				476D5CEF256DF7D100488B7F /* Preview Content */,
			);
			path = CRUD;
			sourceTree = "<group>";
		};
		476D5CEF256DF7D100488B7F /* Preview Content */ = {
			isa = PBXGroup;
			children = (
				476D5CF0256DF7D100488B7F /* Preview Assets.xcassets */,
			);
			path = "Preview Content";
			sourceTree = "<group>";
		};
/* End PBXGroup section */

/* Begin PBXNativeTarget section */
		476D5CE5256DF7D100488B7F /* CRUD */ = {
			isa = PBXNativeTarget;
			buildConfigurationList = 476D5CF5256DF7D100488B7F /* Build configuration list for PBXNativeTarget "CRUD" */;
			buildPhases = (
				476D5CE2256DF7D100488B7F /* Sources */,
				476D5CE3256DF7D100488B7F /* Frameworks */,
				476D5CE4256DF7D100488B7F /* Resources */,
			);
			buildRules = (
			);
			dependencies = (
			);
			name = CRUD;
			productName = CRUD;
			productReference = 476D5CE6256DF7D100488B7F /* CRUD.app */;
			productType = "com.apple.product-type.application";
		};
/* End PBXNativeTarget section */

/* Begin PBXProject section */
		476D5CDE256DF7D000488B7F /* Project object */ = {
			isa = PBXProject;
			attributes = {
				LastSwiftUpdateCheck = 1220;
				LastUpgradeCheck = 1220;
				TargetAttributes = {
					476D5CE5256DF7D100488B7F = {
						CreatedOnToolsVersion = 12.2;
					};
				};
			};
			buildConfigurationList = 476D5CE1256DF7D000488B7F /* Build configuration list for PBXProject "CRUD" */;
			compatibilityVersion = "Xcode 9.3";
			developmentRegion = en;
			hasScannedForEncodings = 0;
			knownRegions = (
				en,
				Base,
			);
			mainGroup = 476D5CDD256DF7D000488B7F;
			productRefGroup = 476D5CE7256DF7D100488B7F /* Products */;
			projectDirPath = "";
			projectRoot = "";
			targets = (
				476D5CE5256DF7D100488B7F /* CRUD */,
			);
		};
/* End PBXProject section */

/* Begin PBXResourcesBuildPhase section */
		476D5CE4256DF7D100488B7F /* Resources */ = {
			isa = PBXResourcesBuildPhase;
			buildActionMask = 2147483647;
			files = (
				476D5CF1256DF7D100488B7F /* Preview Assets.xcassets in Resources */,
				476D5CEE256DF7D100488B7F /* Assets.xcassets in Resources */,
			);
			runOnlyForDeploymentPostprocessing = 0;
		};
/* End PBXResourcesBuildPhase section */

/* Begin PBXSourcesBuildPhase section */
		476D5CE2256DF7D100488B7F /* Sources */ = {
			isa = PBXSourcesBuildPhase;
			buildActionMask = 2147483647;
			files = (
				476D5CEC256DF7D100488B7F /* ContentView.swift in Sources */,
				476D5D03256DFD2900488B7F /* tododata.swift in Sources */,
				476D5D06256DFE6A00488B7F /* todoeditor.swift in Sources */,
				476D5D0C256E064500488B7F /* todorow.swift in Sources */,
				476D5CEA256DF7D100488B7F /* CRUDApp.swift in Sources */,
				476D5CFA256DF8D200488B7F /* todo.swift in Sources */,
				476D5D00256DFD0500488B7F /* todolist.swift in Sources */,
			);
			runOnlyForDeploymentPostprocessing = 0;
		};
/* End PBXSourcesBuildPhase section */

/* Begin XCBuildConfiguration section */
		476D5CF3256DF7D100488B7F /* Debug */ = {
			isa = XCBuildConfiguration;
			buildSettings = {
				ALWAYS_SEARCH_USER_PATHS = NO;
				CLANG_ANALYZER_NONNULL = YES;
				CLANG_ANALYZER_NUMBER_OBJECT_CONVERSION = YES_AGGRESSIVE;
				CLANG_CXX_LANGUAGE_STANDARD = "gnu++14";
				CLANG_CXX_LIBRARY = "libc++";
				CLANG_ENABLE_MODULES = YES;
				CLANG_ENABLE_OBJC_ARC = YES;
				CLANG_ENABLE_OBJC_WEAK = YES;
				CLANG_WARN_BLOCK_CAPTURE_AUTORELEASING = YES;
				CLANG_WARN_BOOL_CONVERSION = YES;
				CLANG_WARN_COMMA = YES;
				CLANG_WARN_CONSTANT_CONVERSION = YES;
				CLANG_WARN_DEPRECATED_OBJC_IMPLEMENTATIONS = YES;
				CLANG_WARN_DIRECT_OBJC_ISA_USAGE = YES_ERROR;
				CLANG_WARN_DOCUMENTATION_COMMENTS = YES;
				CLANG_WARN_EMPTY_BODY = YES;
				CLANG_WARN_ENUM_CONVERSION = YES;
				CLANG_WARN_INFINITE_RECURSION = YES;
				CLANG_WARN_INT_CONVERSION = YES;
				CLANG_WARN_NON_LITERAL_NULL_CONVERSION = YES;
				CLANG_WARN_OBJC_IMPLICIT_RETAIN_SELF = YES;
				CLANG_WARN_OBJC_LITERAL_CONVERSION = YES;
				CLANG_WARN_OBJC_ROOT_CLASS = YES_ERROR;
				CLANG_WARN_QUOTED_INCLUDE_IN_FRAMEWORK_HEADER = YES;
				CLANG_WARN_RANGE_LOOP_ANALYSIS = YES;
				CLANG_WARN_STRICT_PROTOTYPES = YES;
				CLANG_WARN_SUSPICIOUS_MOVE = YES;
				CLANG_WARN_UNGUARDED_AVAILABILITY = YES_AGGRESSIVE;
				CLANG_WARN_UNREACHABLE_CODE = YES;
				CLANG_WARN__DUPLICATE_METHOD_MATCH = YES;
				COPY_PHASE_STRIP = NO;
				DEBUG_INFORMATION_FORMAT = dwarf;
				ENABLE_STRICT_OBJC_MSGSEND = YES;
				ENABLE_TESTABILITY = YES;
				GCC_C_LANGUAGE_STANDARD = gnu11;
				GCC_DYNAMIC_NO_PIC = NO;
				GCC_NO_COMMON_BLOCKS = YES;
				GCC_OPTIMIZATION_LEVEL = 0;
				GCC_PREPROCESSOR_DEFINITIONS = (
					"DEBUG=1",
					"$(inherited)",
				);
				GCC_WARN_64_TO_32_BIT_CONVERSION = YES;
				GCC_WARN_ABOUT_RETURN_TYPE = YES_ERROR;
				GCC_WARN_UNDECLARED_SELECTOR = YES;
				GCC_WARN_UNINITIALIZED_AUTOS = YES_AGGRESSIVE;
				GCC_WARN_UNUSED_FUNCTION = YES;
				GCC_WARN_UNUSED_VARIABLE = YES;
				IPHONEOS_DEPLOYMENT_TARGET = 14.2;
				MTL_ENABLE_DEBUG_INFO = INCLUDE_SOURCE;
				MTL_FAST_MATH = YES;
				ONLY_ACTIVE_ARCH = YES;
				SDKROOT = iphoneos;
				SWIFT_ACTIVE_COMPILATION_CONDITIONS = DEBUG;
				SWIFT_OPTIMIZATION_LEVEL = "-Onone";
			};
			name = Debug;
		};
		476D5CF4256DF7D100488B7F /* Release */ = {
			isa = XCBuildConfiguration;
			buildSettings = {
				ALWAYS_SEARCH_USER_PATHS = NO;
				CLANG_ANALYZER_NONNULL = YES;
				CLANG_ANALYZER_NUMBER_OBJECT_CONVERSION = YES_AGGRESSIVE;
				CLANG_CXX_LANGUAGE_STANDARD = "gnu++14";
				CLANG_CXX_LIBRARY = "libc++";
				CLANG_ENABLE_MODULES = YES;
				CLANG_ENABLE_OBJC_ARC = YES;
				CLANG_ENABLE_OBJC_WEAK = YES;
				CLANG_WARN_BLOCK_CAPTURE_AUTORELEASING = YES;
				CLANG_WARN_BOOL_CONVERSION = YES;
				CLANG_WARN_COMMA = YES;
				CLANG_WARN_CONSTANT_CONVERSION = YES;
				CLANG_WARN_DEPRECATED_OBJC_IMPLEMENTATIONS = YES;
				CLANG_WARN_DIRECT_OBJC_ISA_USAGE = YES_ERROR;
				CLANG_WARN_DOCUMENTATION_COMMENTS = YES;
				CLANG_WARN_EMPTY_BODY = YES;
				CLANG_WARN_ENUM_CONVERSION = YES;
				CLANG_WARN_INFINITE_RECURSION = YES;
				CLANG_WARN_INT_CONVERSION = YES;
				CLANG_WARN_NON_LITERAL_NULL_CONVERSION = YES;
				CLANG_WARN_OBJC_IMPLICIT_RETAIN_SELF = YES;
				CLANG_WARN_OBJC_LITERAL_CONVERSION = YES;
				CLANG_WARN_OBJC_ROOT_CLASS = YES_ERROR;
				CLANG_WARN_QUOTED_INCLUDE_IN_FRAMEWORK_HEADER = YES;
				CLANG_WARN_RANGE_LOOP_ANALYSIS = YES;
				CLANG_WARN_STRICT_PROTOTYPES = YES;
				CLANG_WARN_SUSPICIOUS_MOVE = YES;
				CLANG_WARN_UNGUARDED_AVAILABILITY = YES_AGGRESSIVE;
				CLANG_WARN_UNREACHABLE_CODE = YES;
				CLANG_WARN__DUPLICATE_METHOD_MATCH = YES;
				COPY_PHASE_STRIP = NO;
				DEBUG_INFORMATION_FORMAT = "dwarf-with-dsym";
				ENABLE_NS_ASSERTIONS = NO;
				ENABLE_STRICT_OBJC_MSGSEND = YES;
				GCC_C_LANGUAGE_STANDARD = gnu11;
				GCC_NO_COMMON_BLOCKS = YES;
				GCC_WARN_64_TO_32_BIT_CONVERSION = YES;
				GCC_WARN_ABOUT_RETURN_TYPE = YES_ERROR;
				GCC_WARN_UNDECLARED_SELECTOR = YES;
				GCC_WARN_UNINITIALIZED_AUTOS = YES_AGGRESSIVE;
				GCC_WARN_UNUSED_FUNCTION = YES;
				GCC_WARN_UNUSED_VARIABLE = YES;
				IPHONEOS_DEPLOYMENT_TARGET = 14.2;
				MTL_ENABLE_DEBUG_INFO = NO;
				MTL_FAST_MATH = YES;
				SDKROOT = iphoneos;
				SWIFT_COMPILATION_MODE = wholemodule;
				SWIFT_OPTIMIZATION_LEVEL = "-O";
				VALIDATE_PRODUCT = YES;
			};
			name = Release;
		};
		476D5CF6256DF7D100488B7F /* Debug */ = {
			isa = XCBuildConfiguration;
			buildSettings = {
				ASSETCATALOG_COMPILER_APPICON_NAME = AppIcon;
				ASSETCATALOG_COMPILER_GLOBAL_ACCENT_COLOR_NAME = AccentColor;
				CODE_SIGN_STYLE = Automatic;
				DEVELOPMENT_ASSET_PATHS = "\"CRUD/Preview Content\"";
				ENABLE_PREVIEWS = YES;
				INFOPLIST_FILE = CRUD/Info.plist;
				IPHONEOS_DEPLOYMENT_TARGET = 14.0;
				LD_RUNPATH_SEARCH_PATHS = (
					"$(inherited)",
					"@executable_path/Frameworks",
				);
				PRODUCT_BUNDLE_IDENTIFIER = com.hunteruf.CRUD;
				PRODUCT_NAME = "$(TARGET_NAME)";
				SWIFT_VERSION = 5.0;
				TARGETED_DEVICE_FAMILY = "1,2";
			};
			name = Debug;
		};
		476D5CF7256DF7D100488B7F /* Release */ = {
			isa = XCBuildConfiguration;
			buildSettings = {
				ASSETCATALOG_COMPILER_APPICON_NAME = AppIcon;
				ASSETCATALOG_COMPILER_GLOBAL_ACCENT_COLOR_NAME = AccentColor;
				CODE_SIGN_STYLE = Automatic;
				DEVELOPMENT_ASSET_PATHS = "\"CRUD/Preview Content\"";
				ENABLE_PREVIEWS = YES;
				INFOPLIST_FILE = CRUD/Info.plist;
				IPHONEOS_DEPLOYMENT_TARGET = 14.0;
				LD_RUNPATH_SEARCH_PATHS = (
					"$(inherited)",
					"@executable_path/Frameworks",
				);
				PRODUCT_BUNDLE_IDENTIFIER = com.hunteruf.CRUD;
				PRODUCT_NAME = "$(TARGET_NAME)";
				SWIFT_VERSION = 5.0;
				TARGETED_DEVICE_FAMILY = "1,2";
			};
			name = Release;
		};
/* End XCBuildConfiguration section */

/* Begin XCConfigurationList section */
		476D5CE1256DF7D000488B7F /* Build configuration list for PBXProject "CRUD" */ = {
			isa = XCConfigurationList;
			buildConfigurations = (
				476D5CF3256DF7D100488B7F /* Debug */,
				476D5CF4256DF7D100488B7F /* Release */,
			);
			defaultConfigurationIsVisible = 0;
			defaultConfigurationName = Release;
		};
		476D5CF5256DF7D100488B7F /* Build configuration list for PBXNativeTarget "CRUD" */ = {
			isa = XCConfigurationList;
			buildConfigurations = (
				476D5CF6256DF7D100488B7F /* Debug */,
				476D5CF7256DF7D100488B7F /* Release */,
			);
			defaultConfigurationIsVisible = 0;
			defaultConfigurationName = Release;
		};
/* End XCConfigurationList section */
	};
	rootObject = 476D5CDE256DF7D000488B7F /* Project object */;
}
